
Microsoft Visual Studio Solution File, Format Version 12.00
# Visual Studio Version 17
VisualStudioVersion = 17.0.31903.59
MinimumVisualStudioVersion = 10.0.40219.1
Project("{FAE04EC0-301F-11D3-BF4B-00C04F79EFBC}") = "Nordstein.Core.Common", "Nordstein.Core.Common\Nordstein.Core.Common.csproj", "{EC37FE40-C2CF-4B17-A110-46AAB2FA44D6}"
EndProject
Project("{FAE04EC0-301F-11D3-BF4B-00C04F79EFBC}") = "Nordstein.Core.Testing", "Nordstein.Core.Testing\Nordstein.Core.Testing.csproj", "{2CAA56BC-2A80-4AFB-851D-0C698DF13069}"
EndProject
Project("{FAE04EC0-301F-11D3-BF4B-00C04F79EFBC}") = "Nordstein.Core.Common.Tests", "Nordstein.Core.Common.Tests\Nordstein.Core.Common.Tests.csproj", "{1C173B49-B93C-466E-92D1-96D41DC11FAF}"
EndProject
Project("{FAE04EC0-301F-11D3-BF4B-00C04F79EFBC}") = "Nordstein.Core.Domain", "Nordstein.Core.Domain\Nordstein.Core.Domain.csproj", "{08D14745-6F65-4D79-A246-9E2FCB37BB0A}"
EndProject
Project("{FAE04EC0-301F-11D3-BF4B-00C04F79EFBC}") = "Nordstein.Core.Domain.Tests", "Nordstein.Core.Domain.Tests\Nordstein.Core.Domain.Tests.csproj", "{2435950E-D080-443E-8944-4A8B7FF4FC39}"
EndProject
Project("{FAE04EC0-301F-11D3-BF4B-00C04F79EFBC}") = "Nordstein.Core.Storage", "Nordstein.Core.Storage\Nordstein.Core.Storage.csproj", "{AF09318D-FF9C-47BA-A9D6-6CC8E706FF92}"
EndProject
Project("{FAE04EC0-301F-11D3-BF4B-00C04F79EFBC}") = "Nordstein.Core.Storage.Tests", "Nordstein.Core.Storage.Tests\Nordstein.Core.Storage.Tests.csproj", "{63C6553A-D9B1-4719-B617-295B3DB455C0}"
EndProject
Project("{FAE04EC0-301F-11D3-BF4B-00C04F79EFBC}") = "Nordstein.Core.Licensing", "Nordstein.Core.Licensing\Nordstein.Core.Licensing.csproj", "{B5B1CC61-1EA4-4754-8298-02E6BFC5C156}"
EndProject
Project("{FAE04EC0-301F-11D3-BF4B-00C04F79EFBC}") = "Nordstein.Core.Licensing.Tests", "Nordstein.Core.Licensing.Tests\Nordstein.Core.Licensing.Tests.csproj", "{4B6B34D2-8FF3-407D-9D27-104B08B5F24B}"
EndProject
Project("{FAE04EC0-301F-11D3-BF4B-00C04F79EFBC}") = "Nordstein.Core.AI", "Nordstein.Core.AI\Nordstein.Core.AI.csproj", "{213FE028-CBBC-403F-9DAB-C79C38CED4B6}"
EndProject
Project("{FAE04EC0-301F-11D3-BF4B-00C04F79EFBC}") = "Nordstein.Core.AI.Tests", "Nordstein.Core.AI.Tests\Nordstein.Core.AI.Tests.csproj", "{38B235C1-1CDC-4DA0-AF68-3DDE0BBEDFB6}"
EndProject
Global
	GlobalSection(SolutionConfigurationPlatforms) = preSolution
		Debug|Any CPU = Debug|Any CPU
		Debug|x64 = Debug|x64
		Debug|x86 = Debug|x86
		Release|Any CPU = Release|Any CPU
		Release|x64 = Release|x64
		Release|x86 = Release|x86
	EndGlobalSection
	GlobalSection(ProjectConfigurationPlatforms) = postSolution
		{EC37FE40-C2CF-4B17-A110-46AAB2FA44D6}.Debug|Any CPU.ActiveCfg = Debug|Any CPU
		{EC37FE40-C2CF-4B17-A110-46AAB2FA44D6}.Debug|Any CPU.Build.0 = Debug|Any CPU
		{EC37FE40-C2CF-4B17-A110-46AAB2FA44D6}.Debug|x64.ActiveCfg = Debug|Any CPU
		{EC37FE40-C2CF-4B17-A110-46AAB2FA44D6}.Debug|x64.Build.0 = Debug|Any CPU
		{EC37FE40-C2CF-4B17-A110-46AAB2FA44D6}.Debug|x86.ActiveCfg = Debug|Any CPU
		{EC37FE40-C2CF-4B17-A110-46AAB2FA44D6}.Debug|x86.Build.0 = Debug|Any CPU
		{EC37FE40-C2CF-4B17-A110-46AAB2FA44D6}.Release|Any CPU.ActiveCfg = Release|Any CPU
		{EC37FE40-C2CF-4B17-A110-46AAB2FA44D6}.Release|Any CPU.Build.0 = Release|Any CPU
		{EC37FE40-C2CF-4B17-A110-46AAB2FA44D6}.Release|x64.ActiveCfg = Release|Any CPU
		{EC37FE40-C2CF-4B17-A110-46AAB2FA44D6}.Release|x64.Build.0 = Release|Any CPU
		{EC37FE40-C2CF-4B17-A110-46AAB2FA44D6}.Release|x86.ActiveCfg = Release|Any CPU
		{EC37FE40-C2CF-4B17-A110-46AAB2FA44D6}.Release|x86.Build.0 = Release|Any CPU
		{2CAA56BC-2A80-4AFB-851D-0C698DF13069}.Debug|Any CPU.ActiveCfg = Debug|Any CPU
		{2CAA56BC-2A80-4AFB-851D-0C698DF13069}.Debug|Any CPU.Build.0 = Debug|Any CPU
		{2CAA56BC-2A80-4AFB-851D-0C698DF13069}.Debug|x64.ActiveCfg = Debug|Any CPU
		{2CAA56BC-2A80-4AFB-851D-0C698DF13069}.Debug|x64.Build.0 = Debug|Any CPU
		{2CAA56BC-2A80-4AFB-851D-0C698DF13069}.Debug|x86.ActiveCfg = Debug|Any CPU
		{2CAA56BC-2A80-4AFB-851D-0C698DF13069}.Debug|x86.Build.0 = Debug|Any CPU
		{2CAA56BC-2A80-4AFB-851D-0C698DF13069}.Release|Any CPU.ActiveCfg = Release|Any CPU
		{2CAA56BC-2A80-4AFB-851D-0C698DF13069}.Release|Any CPU.Build.0 = Release|Any CPU
		{2CAA56BC-2A80-4AFB-851D-0C698DF13069}.Release|x64.ActiveCfg = Release|Any CPU
		{2CAA56BC-2A80-4AFB-851D-0C698DF13069}.Release|x64.Build.0 = Release|Any CPU
		{2CAA56BC-2A80-4AFB-851D-0C698DF13069}.Release|x86.ActiveCfg = Release|Any CPU
		{2CAA56BC-2A80-4AFB-851D-0C698DF13069}.Release|x86.Build.0 = Release|Any CPU
		{1C173B49-B93C-466E-92D1-96D41DC11FAF}.Debug|Any CPU.ActiveCfg = Debug|Any CPU
		{1C173B49-B93C-466E-92D1-96D41DC11FAF}.Debug|Any CPU.Build.0 = Debug|Any CPU
		{1C173B49-B93C-466E-92D1-96D41DC11FAF}.Debug|x64.ActiveCfg = Debug|Any CPU
		{1C173B49-B93C-466E-92D1-96D41DC11FAF}.Debug|x64.Build.0 = Debug|Any CPU
		{1C173B49-B93C-466E-92D1-96D41DC11FAF}.Debug|x86.ActiveCfg = Debug|Any CPU
		{1C173B49-B93C-466E-92D1-96D41DC11FAF}.Debug|x86.Build.0 = Debug|Any CPU
		{1C173B49-B93C-466E-92D1-96D41DC11FAF}.Release|Any CPU.ActiveCfg = Release|Any CPU
		{1C173B49-B93C-466E-92D1-96D41DC11FAF}.Release|Any CPU.Build.0 = Release|Any CPU
		{1C173B49-B93C-466E-92D1-96D41DC11FAF}.Release|x64.ActiveCfg = Release|Any CPU
		{1C173B49-B93C-466E-92D1-96D41DC11FAF}.Release|x64.Build.0 = Release|Any CPU
		{1C173B49-B93C-466E-92D1-96D41DC11FAF}.Release|x86.ActiveCfg = Release|Any CPU
		{1C173B49-B93C-466E-92D1-96D41DC11FAF}.Release|x86.Build.0 = Release|Any CPU
		{08D14745-6F65-4D79-A246-9E2FCB37BB0A}.Debug|Any CPU.ActiveCfg = Debug|Any CPU
		{08D14745-6F65-4D79-A246-9E2FCB37BB0A}.Debug|Any CPU.Build.0 = Debug|Any CPU
		{08D14745-6F65-4D79-A246-9E2FCB37BB0A}.Debug|x64.ActiveCfg = Debug|Any CPU
		{08D14745-6F65-4D79-A246-9E2FCB37BB0A}.Debug|x64.Build.0 = Debug|Any CPU
		{08D14745-6F65-4D79-A246-9E2FCB37BB0A}.Debug|x86.ActiveCfg = Debug|Any CPU
		{08D14745-6F65-4D79-A246-9E2FCB37BB0A}.Debug|x86.Build.0 = Debug|Any CPU
		{08D14745-6F65-4D79-A246-9E2FCB37BB0A}.Release|Any CPU.ActiveCfg = Release|Any CPU
		{08D14745-6F65-4D79-A246-9E2FCB37BB0A}.Release|Any CPU.Build.0 = Release|Any CPU
		{08D14745-6F65-4D79-A246-9E2FCB37BB0A}.Release|x64.ActiveCfg = Release|Any CPU
		{08D14745-6F65-4D79-A246-9E2FCB37BB0A}.Release|x64.Build.0 = Release|Any CPU
		{08D14745-6F65-4D79-A246-9E2FCB37BB0A}.Release|x86.ActiveCfg = Release|Any CPU
		{08D14745-6F65-4D79-A246-9E2FCB37BB0A}.Release|x86.Build.0 = Release|Any CPU
		{2435950E-D080-443E-8944-4A8B7FF4FC39}.Debug|Any CPU.ActiveCfg = Debug|Any CPU
		{2435950E-D080-443E-8944-4A8B7FF4FC39}.Debug|Any CPU.Build.0 = Debug|Any CPU
		{2435950E-D080-443E-8944-4A8B7FF4FC39}.Debug|x64.ActiveCfg = Debug|Any CPU
		{2435950E-D080-443E-8944-4A8B7FF4FC39}.Debug|x64.Build.0 = Debug|Any CPU
		{2435950E-D080-443E-8944-4A8B7FF4FC39}.Debug|x86.ActiveCfg = Debug|Any CPU
		{2435950E-D080-443E-8944-4A8B7FF4FC39}.Debug|x86.Build.0 = Debug|Any CPU
		{2435950E-D080-443E-8944-4A8B7FF4FC39}.Release|Any CPU.ActiveCfg = Release|Any CPU
		{2435950E-D080-443E-8944-4A8B7FF4FC39}.Release|Any CPU.Build.0 = Release|Any CPU
		{2435950E-D080-443E-8944-4A8B7FF4FC39}.Release|x64.ActiveCfg = Release|Any CPU
		{2435950E-D080-443E-8944-4A8B7FF4FC39}.Release|x64.Build.0 = Release|Any CPU
		{2435950E-D080-443E-8944-4A8B7FF4FC39}.Release|x86.ActiveCfg = Release|Any CPU
		{2435950E-D080-443E-8944-4A8B7FF4FC39}.Release|x86.Build.0 = Release|Any CPU
		{AF09318D-FF9C-47BA-A9D6-6CC8E706FF92}.Debug|Any CPU.ActiveCfg = Debug|Any CPU
		{AF09318D-FF9C-47BA-A9D6-6CC8E706FF92}.Debug|Any CPU.Build.0 = Debug|Any CPU
		{AF09318D-FF9C-47BA-A9D6-6CC8E706FF92}.Debug|x64.ActiveCfg = Debug|Any CPU
		{AF09318D-FF9C-47BA-A9D6-6CC8E706FF92}.Debug|x64.Build.0 = Debug|Any CPU
		{AF09318D-FF9C-47BA-A9D6-6CC8E706FF92}.Debug|x86.ActiveCfg = Debug|Any CPU
		{AF09318D-FF9C-47BA-A9D6-6CC8E706FF92}.Debug|x86.Build.0 = Debug|Any CPU
		{AF09318D-FF9C-47BA-A9D6-6CC8E706FF92}.Release|Any CPU.ActiveCfg = Release|Any CPU
		{AF09318D-FF9C-47BA-A9D6-6CC8E706FF92}.Release|Any CPU.Build.0 = Release|Any CPU
		{AF09318D-FF9C-47BA-A9D6-6CC8E706FF92}.Release|x64.ActiveCfg = Release|Any CPU
		{AF09318D-FF9C-47BA-A9D6-6CC8E706FF92}.Release|x64.Build.0 = Release|Any CPU
		{AF09318D-FF9C-47BA-A9D6-6CC8E706FF92}.Release|x86.ActiveCfg = Release|Any CPU
		{AF09318D-FF9C-47BA-A9D6-6CC8E706FF92}.Release|x86.Build.0 = Release|Any CPU
		{63C6553A-D9B1-4719-B617-295B3DB455C0}.Debug|Any CPU.ActiveCfg = Debug|Any CPU
		{63C6553A-D9B1-4719-B617-295B3DB455C0}.Debug|Any CPU.Build.0 = Debug|Any CPU
		{63C6553A-D9B1-4719-B617-295B3DB455C0}.Debug|x64.ActiveCfg = Debug|Any CPU
		{63C6553A-D9B1-4719-B617-295B3DB455C0}.Debug|x64.Build.0 = Debug|Any CPU
		{63C6553A-D9B1-4719-B617-295B3DB455C0}.Debug|x86.ActiveCfg = Debug|Any CPU
		{63C6553A-D9B1-4719-B617-295B3DB455C0}.Debug|x86.Build.0 = Debug|Any CPU
		{63C6553A-D9B1-4719-B617-295B3DB455C0}.Release|Any CPU.ActiveCfg = Release|Any CPU
		{63C6553A-D9B1-4719-B617-295B3DB455C0}.Release|Any CPU.Build.0 = Release|Any CPU
		{63C6553A-D9B1-4719-B617-295B3DB455C0}.Release|x64.ActiveCfg = Release|Any CPU
		{63C6553A-D9B1-4719-B617-295B3DB455C0}.Release|x64.Build.0 = Release|Any CPU
		{63C6553A-D9B1-4719-B617-295B3DB455C0}.Release|x86.ActiveCfg = Release|Any CPU
		{63C6553A-D9B1-4719-B617-295B3DB455C0}.Release|x86.Build.0 = Release|Any CPU
		{B5B1CC61-1EA4-4754-8298-02E6BFC5C156}.Debug|Any CPU.ActiveCfg = Debug|Any CPU
		{B5B1CC61-1EA4-4754-8298-02E6BFC5C156}.Debug|Any CPU.Build.0 = Debug|Any CPU
		{B5B1CC61-1EA4-4754-8298-02E6BFC5C156}.Debug|x64.ActiveCfg = Debug|Any CPU
		{B5B1CC61-1EA4-4754-8298-02E6BFC5C156}.Debug|x64.Build.0 = Debug|Any CPU
		{B5B1CC61-1EA4-4754-8298-02E6BFC5C156}.Debug|x86.ActiveCfg = Debug|Any CPU
		{B5B1CC61-1EA4-4754-8298-02E6BFC5C156}.Debug|x86.Build.0 = Debug|Any CPU
		{B5B1CC61-1EA4-4754-8298-02E6BFC5C156}.Release|Any CPU.ActiveCfg = Release|Any CPU
		{B5B1CC61-1EA4-4754-8298-02E6BFC5C156}.Release|Any CPU.Build.0 = Release|Any CPU
		{B5B1CC61-1EA4-4754-8298-02E6BFC5C156}.Release|x64.ActiveCfg = Release|Any CPU
		{B5B1CC61-1EA4-4754-8298-02E6BFC5C156}.Release|x64.Build.0 = Release|Any CPU
		{B5B1CC61-1EA4-4754-8298-02E6BFC5C156}.Release|x86.ActiveCfg = Release|Any CPU
		{B5B1CC61-1EA4-4754-8298-02E6BFC5C156}.Release|x86.Build.0 = Release|Any CPU
		{4B6B34D2-8FF3-407D-9D27-104B08B5F24B}.Debug|Any CPU.ActiveCfg = Debug|Any CPU
		{4B6B34D2-8FF3-407D-9D27-104B08B5F24B}.Debug|Any CPU.Build.0 = Debug|Any CPU
		{4B6B34D2-8FF3-407D-9D27-104B08B5F24B}.Debug|x64.ActiveCfg = Debug|Any CPU
		{4B6B34D2-8FF3-407D-9D27-104B08B5F24B}.Debug|x64.Build.0 = Debug|Any CPU
		{4B6B34D2-8FF3-407D-9D27-104B08B5F24B}.Debug|x86.ActiveCfg = Debug|Any CPU
		{4B6B34D2-8FF3-407D-9D27-104B08B5F24B}.Debug|x86.Build.0 = Debug|Any CPU
		{4B6B34D2-8FF3-407D-9D27-104B08B5F24B}.Release|Any CPU.ActiveCfg = Release|Any CPU
		{4B6B34D2-8FF3-407D-9D27-104B08B5F24B}.Release|Any CPU.Build.0 = Release|Any CPU
		{4B6B34D2-8FF3-407D-9D27-104B08B5F24B}.Release|x64.ActiveCfg = Release|Any CPU
		{4B6B34D2-8FF3-407D-9D27-104B08B5F24B}.Release|x64.Build.0 = Release|Any CPU
		{4B6B34D2-8FF3-407D-9D27-104B08B5F24B}.Release|x86.ActiveCfg = Release|Any CPU
		{4B6B34D2-8FF3-407D-9D27-104B08B5F24B}.Release|x86.Build.0 = Release|Any CPU
		{213FE028-CBBC-403F-9DAB-C79C38CED4B6}.Debug|Any CPU.ActiveCfg = Debug|Any CPU
		{213FE028-CBBC-403F-9DAB-C79C38CED4B6}.Debug|Any CPU.Build.0 = Debug|Any CPU
		{213FE028-CBBC-403F-9DAB-C79C38CED4B6}.Debug|x64.ActiveCfg = Debug|Any CPU
		{213FE028-CBBC-403F-9DAB-C79C38CED4B6}.Debug|x64.Build.0 = Debug|Any CPU
		{213FE028-CBBC-403F-9DAB-C79C38CED4B6}.Debug|x86.ActiveCfg = Debug|Any CPU
		{213FE028-CBBC-403F-9DAB-C79C38CED4B6}.Debug|x86.Build.0 = Debug|Any CPU
		{213FE028-CBBC-403F-9DAB-C79C38CED4B6}.Release|Any CPU.ActiveCfg = Release|Any CPU
		{213FE028-CBBC-403F-9DAB-C79C38CED4B6}.Release|Any CPU.Build.0 = Release|Any CPU
		{213FE028-CBBC-403F-9DAB-C79C38CED4B6}.Release|x64.ActiveCfg = Release|Any CPU
		{213FE028-CBBC-403F-9DAB-C79C38CED4B6}.Release|x64.Build.0 = Release|Any CPU
		{213FE028-CBBC-403F-9DAB-C79C38CED4B6}.Release|x86.ActiveCfg = Release|Any CPU
		{213FE028-CBBC-403F-9DAB-C79C38CED4B6}.Release|x86.Build.0 = Release|Any CPU
		{38B235C1-1CDC-4DA0-AF68-3DDE0BBEDFB6}.Debug|Any CPU.ActiveCfg = Debug|Any CPU
		{38B235C1-1CDC-4DA0-AF68-3DDE0BBEDFB6}.Debug|Any CPU.Build.0 = Debug|Any CPU
		{38B235C1-1CDC-4DA0-AF68-3DDE0BBEDFB6}.Debug|x64.ActiveCfg = Debug|Any CPU
		{38B235C1-1CDC-4DA0-AF68-3DDE0BBEDFB6}.Debug|x64.Build.0 = Debug|Any CPU
		{38B235C1-1CDC-4DA0-AF68-3DDE0BBEDFB6}.Debug|x86.ActiveCfg = Debug|Any CPU
		{38B235C1-1CDC-4DA0-AF68-3DDE0BBEDFB6}.Debug|x86.Build.0 = Debug|Any CPU
		{38B235C1-1CDC-4DA0-AF68-3DDE0BBEDFB6}.Release|Any CPU.ActiveCfg = Release|Any CPU
		{38B235C1-1CDC-4DA0-AF68-3DDE0BBEDFB6}.Release|Any CPU.Build.0 = Release|Any CPU
		{38B235C1-1CDC-4DA0-AF68-3DDE0BBEDFB6}.Release|x64.ActiveCfg = Release|Any CPU
		{38B235C1-1CDC-4DA0-AF68-3DDE0BBEDFB6}.Release|x64.Build.0 = Release|Any CPU
		{38B235C1-1CDC-4DA0-AF68-3DDE0BBEDFB6}.Release|x86.ActiveCfg = Release|Any CPU
		{38B235C1-1CDC-4DA0-AF68-3DDE0BBEDFB6}.Release|x86.Build.0 = Release|Any CPU
	EndGlobalSection
	GlobalSection(SolutionProperties) = preSolution
		HideSolutionNode = FALSE
	EndGlobalSection
EndGlobal
